
Microsoft Visual Studio Solution File, Format Version 12.00
# Visual Studio Version 16
VisualStudioVersion = 16.0.31019.194
MinimumVisualStudioVersion = 10.0.40219.1
Project("{9A19103F-16F7-4668-BE54-9A1E7A4F7556}") = "Simple.Diagnostics", "Simple.Diagnostics.csproj", "{4CC32D79-A408-47C5-B9FE-C78F72E464E8}"
EndProject
Project("{9A19103F-16F7-4668-BE54-9A1E7A4F7556}") = "ComponentTester", "..\..\..\..\ComponentTester\ComponentTester.csproj", "{B9C09C1B-5D4C-41CB-A225-5AE3D71811CA}"
EndProject
Global
	GlobalSection(SolutionConfigurationPlatforms) = preSolution
		Debug|Any CPU = Debug|Any CPU
		Release|Any CPU = Release|Any CPU
	EndGlobalSection
	GlobalSection(ProjectConfigurationPlatforms) = postSolution
		{4CC32D79-A408-47C5-B9FE-C78F72E464E8}.Debug|Any CPU.ActiveCfg = Debug|Any CPU
		{4CC32D79-A408-47C5-B9FE-C78F72E464E8}.Debug|Any CPU.Build.0 = Debug|Any CPU
		{4CC32D79-A408-47C5-B9FE-C78F72E464E8}.Release|Any CPU.ActiveCfg = Release|Any CPU
		{4CC32D79-A408-47C5-B9FE-C78F72E464E8}.Release|Any CPU.Build.0 = Release|Any CPU
		{B9C09C1B-5D4C-41CB-A225-5AE3D71811CA}.Debug|Any CPU.ActiveCfg = Debug|Any CPU
		{B9C09C1B-5D4C-41CB-A225-5AE3D71811CA}.Debug|Any CPU.Build.0 = Debug|Any CPU
		{B9C09C1B-5D4C-41CB-A225-5AE3D71811CA}.Release|Any CPU.ActiveCfg = Release|Any CPU
		{B9C09C1B-5D4C-41CB-A225-5AE3D71811CA}.Release|Any CPU.Build.0 = Release|Any CPU
	EndGlobalSection
	GlobalSection(SolutionProperties) = preSolution
		HideSolutionNode = FALSE
	EndGlobalSection
	GlobalSection(ExtensibilityGlobals) = postSolution
		SolutionGuid = {EDF10CCB-0814-423D-B7A4-1D9301F6A174}
	EndGlobalSection
EndGlobal
